// !$*UTF8*$!
{
	archiveVersion = 1;
	classes = {
	};
	objectVersion = 56;
	objects = {

/* Begin PBXBuildFile section */
		0D33A5642C40D28B0050E15D /* Learnable.swift in Sources */ = {isa = PBXBuildFile; fileRef = 0D33A5632C40D28B0050E15D /* Learnable.swift */; };
		0D33A5672C40D34C0050E15D /* SampleStudentViewModel.swift in Sources */ = {isa = PBXBuildFile; fileRef = 0D33A5662C40D34C0050E15D /* SampleStudentViewModel.swift */; };
		0D33A5692C40D3A10050E15D /* WorkingLearnerViewModel.swift in Sources */ = {isa = PBXBuildFile; fileRef = 0D33A5682C40D3A10050E15D /* WorkingLearnerViewModel.swift */; };
		BAE9DA572C40D11000965DAA /* TrunkBasedApp.swift in Sources */ = {isa = PBXBuildFile; fileRef = BAE9DA562C40D11000965DAA /* TrunkBasedApp.swift */; };
		BAE9DA592C40D11000965DAA /* ContentView.swift in Sources */ = {isa = PBXBuildFile; fileRef = BAE9DA582C40D11000965DAA /* ContentView.swift */; };
		BAE9DA5B2C40D11100965DAA /* Assets.xcassets in Resources */ = {isa = PBXBuildFile; fileRef = BAE9DA5A2C40D11100965DAA /* Assets.xcassets */; };
		BAE9DA5E2C40D11100965DAA /* Preview Assets.xcassets in Resources */ = {isa = PBXBuildFile; fileRef = BAE9DA5D2C40D11100965DAA /* Preview Assets.xcassets */; };
/* End PBXBuildFile section */

/* Begin PBXFileReference section */
		0D33A5632C40D28B0050E15D /* Learnable.swift */ = {isa = PBXFileReference; lastKnownFileType = sourcecode.swift; path = Learnable.swift; sourceTree = "<group>"; };
		0D33A5662C40D34C0050E15D /* SampleStudentViewModel.swift */ = {isa = PBXFileReference; lastKnownFileType = sourcecode.swift; path = SampleStudentViewModel.swift; sourceTree = "<group>"; };
		0D33A5682C40D3A10050E15D /* WorkingLearnerViewModel.swift */ = {isa = PBXFileReference; lastKnownFileType = sourcecode.swift; path = WorkingLearnerViewModel.swift; sourceTree = "<group>"; };
		BAE9DA532C40D11000965DAA /* TrunkBased.app */ = {isa = PBXFileReference; explicitFileType = wrapper.application; includeInIndex = 0; path = TrunkBased.app; sourceTree = BUILT_PRODUCTS_DIR; };
		BAE9DA562C40D11000965DAA /* TrunkBasedApp.swift */ = {isa = PBXFileReference; lastKnownFileType = sourcecode.swift; path = TrunkBasedApp.swift; sourceTree = "<group>"; };
		BAE9DA582C40D11000965DAA /* ContentView.swift */ = {isa = PBXFileReference; lastKnownFileType = sourcecode.swift; path = ContentView.swift; sourceTree = "<group>"; };
		BAE9DA5A2C40D11100965DAA /* Assets.xcassets */ = {isa = PBXFileReference; lastKnownFileType = folder.assetcatalog; path = Assets.xcassets; sourceTree = "<group>"; };
		BAE9DA5D2C40D11100965DAA /* Preview Assets.xcassets */ = {isa = PBXFileReference; lastKnownFileType = folder.assetcatalog; path = "Preview Assets.xcassets"; sourceTree = "<group>"; };
/* End PBXFileReference section */

/* Begin PBXFrameworksBuildPhase section */
		BAE9DA502C40D11000965DAA /* Frameworks */ = {
			isa = PBXFrameworksBuildPhase;
			buildActionMask = 2147483647;
			files = (
			);
			runOnlyForDeploymentPostprocessing = 0;
		};
/* End PBXFrameworksBuildPhase section */

/* Begin PBXGroup section */
		0D33A5622C40D2750050E15D /* Protocol */ = {
			isa = PBXGroup;
			children = (
				0D33A5632C40D28B0050E15D /* Learnable.swift */,
			);
			path = Protocol;
			sourceTree = "<group>";
		};
		0D33A5652C40D33A0050E15D /* ViewModel */ = {
			isa = PBXGroup;
			children = (
				0D33A5662C40D34C0050E15D /* SampleStudentViewModel.swift */,
				0D33A5682C40D3A10050E15D /* WorkingLearnerViewModel.swift */,
			);
			path = ViewModel;
			sourceTree = "<group>";
		};
		BAE9DA4A2C40D11000965DAA = {
			isa = PBXGroup;
			children = (
				BAE9DA552C40D11000965DAA /* TrunkBased */,
				BAE9DA542C40D11000965DAA /* Products */,
			);
			sourceTree = "<group>";
		};
		BAE9DA542C40D11000965DAA /* Products */ = {
			isa = PBXGroup;
			children = (
				BAE9DA532C40D11000965DAA /* TrunkBased.app */,
			);
			name = Products;
			sourceTree = "<group>";
		};
		BAE9DA552C40D11000965DAA /* TrunkBased */ = {
			isa = PBXGroup;
			children = (
				0D33A5652C40D33A0050E15D /* ViewModel */,
				0D33A5622C40D2750050E15D /* Protocol */,
				BAE9DA562C40D11000965DAA /* TrunkBasedApp.swift */,
				BAE9DA582C40D11000965DAA /* ContentView.swift */,
				BAE9DA5A2C40D11100965DAA /* Assets.xcassets */,
				BAE9DA5C2C40D11100965DAA /* Preview Content */,
			);
			path = TrunkBased;
			sourceTree = "<group>";
		};
		BAE9DA5C2C40D11100965DAA /* Preview Content */ = {
			isa = PBXGroup;
			children = (
				BAE9DA5D2C40D11100965DAA /* Preview Assets.xcassets */,
			);
			path = "Preview Content";
			sourceTree = "<group>";
		};
/* End PBXGroup section */

/* Begin PBXNativeTarget section */
		BAE9DA522C40D11000965DAA /* TrunkBased */ = {
			isa = PBXNativeTarget;
			buildConfigurationList = BAE9DA612C40D11100965DAA /* Build configuration list for PBXNativeTarget "TrunkBased" */;
			buildPhases = (
				BAE9DA4F2C40D11000965DAA /* Sources */,
				BAE9DA502C40D11000965DAA /* Frameworks */,
				BAE9DA512C40D11000965DAA /* Resources */,
			);
			buildRules = (
			);
			dependencies = (
			);
			name = TrunkBased;
			productName = TrunkBased;
			productReference = BAE9DA532C40D11000965DAA /* TrunkBased.app */;
			productType = "com.apple.product-type.application";
		};
/* End PBXNativeTarget section */

/* Begin PBXProject section */
		BAE9DA4B2C40D11000965DAA /* Project object */ = {
			isa = PBXProject;
			attributes = {
				BuildIndependentTargetsInParallel = 1;
				LastSwiftUpdateCheck = 1540;
				LastUpgradeCheck = 1540;
				TargetAttributes = {
					BAE9DA522C40D11000965DAA = {
						CreatedOnToolsVersion = 15.4;
					};
				};
			};
			buildConfigurationList = BAE9DA4E2C40D11000965DAA /* Build configuration list for PBXProject "TrunkBased" */;
			compatibilityVersion = "Xcode 14.0";
			developmentRegion = en;
			hasScannedForEncodings = 0;
			knownRegions = (
				en,
				Base,
			);
			mainGroup = BAE9DA4A2C40D11000965DAA;
			productRefGroup = BAE9DA542C40D11000965DAA /* Products */;
			projectDirPath = "";
			projectRoot = "";
			targets = (
				BAE9DA522C40D11000965DAA /* TrunkBased */,
			);
		};
/* End PBXProject section */

/* Begin PBXResourcesBuildPhase section */
		BAE9DA512C40D11000965DAA /* Resources */ = {
			isa = PBXResourcesBuildPhase;
			buildActionMask = 2147483647;
			files = (
				BAE9DA5E2C40D11100965DAA /* Preview Assets.xcassets in Resources */,
				BAE9DA5B2C40D11100965DAA /* Assets.xcassets in Resources */,
			);
			runOnlyForDeploymentPostprocessing = 0;
		};
/* End PBXResourcesBuildPhase section */

/* Begin PBXSourcesBuildPhase section */
		BAE9DA4F2C40D11000965DAA /* Sources */ = {
			isa = PBXSourcesBuildPhase;
			buildActionMask = 2147483647;
			files = (
				0D33A5672C40D34C0050E15D /* SampleStudentViewModel.swift in Sources */,
				BAE9DA592C40D11000965DAA /* ContentView.swift in Sources */,
				BAE9DA572C40D11000965DAA /* TrunkBasedApp.swift in Sources */,
				0D33A5642C40D28B0050E15D /* Learnable.swift in Sources */,
				0D33A5692C40D3A10050E15D /* WorkingLearnerViewModel.swift in Sources */,
			);
			runOnlyForDeploymentPostprocessing = 0;
		};
/* End PBXSourcesBuildPhase section */

/* Begin XCBuildConfiguration section */
		BAE9DA5F2C40D11100965DAA /* Debug */ = {
			isa = XCBuildConfiguration;
			buildSettings = {
				ALWAYS_SEARCH_USER_PATHS = NO;
				ASSETCATALOG_COMPILER_GENERATE_SWIFT_ASSET_SYMBOL_EXTENSIONS = YES;
				CLANG_ANALYZER_NONNULL = YES;
				CLANG_ANALYZER_NUMBER_OBJECT_CONVERSION = YES_AGGRESSIVE;
				CLANG_CXX_LANGUAGE_STANDARD = "gnu++20";
				CLANG_ENABLE_MODULES = YES;
				CLANG_ENABLE_OBJC_ARC = YES;
				CLANG_ENABLE_OBJC_WEAK = YES;
				CLANG_WARN_BLOCK_CAPTURE_AUTORELEASING = YES;
				CLANG_WARN_BOOL_CONVERSION = YES;
				CLANG_WARN_COMMA = YES;
				CLANG_WARN_CONSTANT_CONVERSION = YES;
				CLANG_WARN_DEPRECATED_OBJC_IMPLEMENTATIONS = YES;
				CLANG_WARN_DIRECT_OBJC_ISA_USAGE = YES_ERROR;
				CLANG_WARN_DOCUMENTATION_COMMENTS = YES;
				CLANG_WARN_EMPTY_BODY = YES;
				CLANG_WARN_ENUM_CONVERSION = YES;
				CLANG_WARN_INFINITE_RECURSION = YES;
				CLANG_WARN_INT_CONVERSION = YES;
				CLANG_WARN_NON_LITERAL_NULL_CONVERSION = YES;
				CLANG_WARN_OBJC_IMPLICIT_RETAIN_SELF = YES;
				CLANG_WARN_OBJC_LITERAL_CONVERSION = YES;
				CLANG_WARN_OBJC_ROOT_CLASS = YES_ERROR;
				CLANG_WARN_QUOTED_INCLUDE_IN_FRAMEWORK_HEADER = YES;
				CLANG_WARN_RANGE_LOOP_ANALYSIS = YES;
				CLANG_WARN_STRICT_PROTOTYPES = YES;
				CLANG_WARN_SUSPICIOUS_MOVE = YES;
				CLANG_WARN_UNGUARDED_AVAILABILITY = YES_AGGRESSIVE;
				CLANG_WARN_UNREACHABLE_CODE = YES;
				CLANG_WARN__DUPLICATE_METHOD_MATCH = YES;
				COPY_PHASE_STRIP = NO;
				DEBUG_INFORMATION_FORMAT = dwarf;
				ENABLE_STRICT_OBJC_MSGSEND = YES;
				ENABLE_TESTABILITY = YES;
				ENABLE_USER_SCRIPT_SANDBOXING = YES;
				GCC_C_LANGUAGE_STANDARD = gnu17;
				GCC_DYNAMIC_NO_PIC = NO;
				GCC_NO_COMMON_BLOCKS = YES;
				GCC_OPTIMIZATION_LEVEL = 0;
				GCC_PREPROCESSOR_DEFINITIONS = (
					"DEBUG=1",
					"$(inherited)",
				);
				GCC_WARN_64_TO_32_BIT_CONVERSION = YES;
				GCC_WARN_ABOUT_RETURN_TYPE = YES_ERROR;
				GCC_WARN_UNDECLARED_SELECTOR = YES;
				GCC_WARN_UNINITIALIZED_AUTOS = YES_AGGRESSIVE;
				GCC_WARN_UNUSED_FUNCTION = YES;
				GCC_WARN_UNUSED_VARIABLE = YES;
				IPHONEOS_DEPLOYMENT_TARGET = 17.5;
				LOCALIZATION_PREFERS_STRING_CATALOGS = YES;
				MTL_ENABLE_DEBUG_INFO = INCLUDE_SOURCE;
				MTL_FAST_MATH = YES;
				ONLY_ACTIVE_ARCH = YES;
				SDKROOT = iphoneos;
				SWIFT_ACTIVE_COMPILATION_CONDITIONS = "DEBUG $(inherited)";
				SWIFT_OPTIMIZATION_LEVEL = "-Onone";
			};
			name = Debug;
		};
		BAE9DA602C40D11100965DAA /* Release */ = {
			isa = XCBuildConfiguration;
			buildSettings = {
				ALWAYS_SEARCH_USER_PATHS = NO;
				ASSETCATALOG_COMPILER_GENERATE_SWIFT_ASSET_SYMBOL_EXTENSIONS = YES;
				CLANG_ANALYZER_NONNULL = YES;
				CLANG_ANALYZER_NUMBER_OBJECT_CONVERSION = YES_AGGRESSIVE;
				CLANG_CXX_LANGUAGE_STANDARD = "gnu++20";
				CLANG_ENABLE_MODULES = YES;
				CLANG_ENABLE_OBJC_ARC = YES;
				CLANG_ENABLE_OBJC_WEAK = YES;
				CLANG_WARN_BLOCK_CAPTURE_AUTORELEASING = YES;
				CLANG_WARN_BOOL_CONVERSION = YES;
				CLANG_WARN_COMMA = YES;
				CLANG_WARN_CONSTANT_CONVERSION = YES;
				CLANG_WARN_DEPRECATED_OBJC_IMPLEMENTATIONS = YES;
				CLANG_WARN_DIRECT_OBJC_ISA_USAGE = YES_ERROR;
				CLANG_WARN_DOCUMENTATION_COMMENTS = YES;
				CLANG_WARN_EMPTY_BODY = YES;
				CLANG_WARN_ENUM_CONVERSION = YES;
				CLANG_WARN_INFINITE_RECURSION = YES;
				CLANG_WARN_INT_CONVERSION = YES;
				CLANG_WARN_NON_LITERAL_NULL_CONVERSION = YES;
				CLANG_WARN_OBJC_IMPLICIT_RETAIN_SELF = YES;
				CLANG_WARN_OBJC_LITERAL_CONVERSION = YES;
				CLANG_WARN_OBJC_ROOT_CLASS = YES_ERROR;
				CLANG_WARN_QUOTED_INCLUDE_IN_FRAMEWORK_HEADER = YES;
				CLANG_WARN_RANGE_LOOP_ANALYSIS = YES;
				CLANG_WARN_STRICT_PROTOTYPES = YES;
				CLANG_WARN_SUSPICIOUS_MOVE = YES;
				CLANG_WARN_UNGUARDED_AVAILABILITY = YES_AGGRESSIVE;
				CLANG_WARN_UNREACHABLE_CODE = YES;
				CLANG_WARN__DUPLICATE_METHOD_MATCH = YES;
				COPY_PHASE_STRIP = NO;
				DEBUG_INFORMATION_FORMAT = "dwarf-with-dsym";
				ENABLE_NS_ASSERTIONS = NO;
				ENABLE_STRICT_OBJC_MSGSEND = YES;
				ENABLE_USER_SCRIPT_SANDBOXING = YES;
				GCC_C_LANGUAGE_STANDARD = gnu17;
				GCC_NO_COMMON_BLOCKS = YES;
				GCC_WARN_64_TO_32_BIT_CONVERSION = YES;
				GCC_WARN_ABOUT_RETURN_TYPE = YES_ERROR;
				GCC_WARN_UNDECLARED_SELECTOR = YES;
				GCC_WARN_UNINITIALIZED_AUTOS = YES_AGGRESSIVE;
				GCC_WARN_UNUSED_FUNCTION = YES;
				GCC_WARN_UNUSED_VARIABLE = YES;
				IPHONEOS_DEPLOYMENT_TARGET = 17.5;
				LOCALIZATION_PREFERS_STRING_CATALOGS = YES;
				MTL_ENABLE_DEBUG_INFO = NO;
				MTL_FAST_MATH = YES;
				SDKROOT = iphoneos;
				SWIFT_COMPILATION_MODE = wholemodule;
				VALIDATE_PRODUCT = YES;
			};
			name = Release;
		};
		BAE9DA622C40D11100965DAA /* Debug */ = {
			isa = XCBuildConfiguration;
			buildSettings = {
				ASSETCATALOG_COMPILER_APPICON_NAME = AppIcon;
				ASSETCATALOG_COMPILER_GLOBAL_ACCENT_COLOR_NAME = AccentColor;
				CODE_SIGN_STYLE = Automatic;
				CURRENT_PROJECT_VERSION = 1;
				DEVELOPMENT_ASSET_PATHS = "\"TrunkBased/Preview Content\"";
				DEVELOPMENT_TEAM = CAPH2JRFFZ;
				ENABLE_PREVIEWS = YES;
				GENERATE_INFOPLIST_FILE = YES;
				INFOPLIST_KEY_UIApplicationSceneManifest_Generation = YES;
				INFOPLIST_KEY_UIApplicationSupportsIndirectInputEvents = YES;
				INFOPLIST_KEY_UILaunchScreen_Generation = YES;
				INFOPLIST_KEY_UISupportedInterfaceOrientations_iPad = "UIInterfaceOrientationPortrait UIInterfaceOrientationPortraitUpsideDown UIInterfaceOrientationLandscapeLeft UIInterfaceOrientationLandscapeRight";
				INFOPLIST_KEY_UISupportedInterfaceOrientations_iPhone = "UIInterfaceOrientationPortrait UIInterfaceOrientationLandscapeLeft UIInterfaceOrientationLandscapeRight";
				LD_RUNPATH_SEARCH_PATHS = (
					"$(inherited)",
					"@executable_path/Frameworks",
				);
				MARKETING_VERSION = 1.0;
				PRODUCT_BUNDLE_IDENTIFIER = com.pang.TrunkBased;
				PRODUCT_NAME = "$(TARGET_NAME)";
				SWIFT_EMIT_LOC_STRINGS = YES;
				SWIFT_VERSION = 5.0;
				TARGETED_DEVICE_FAMILY = "1,2";
			};
			name = Debug;
		};
		BAE9DA632C40D11100965DAA /* Release */ = {
			isa = XCBuildConfiguration;
			buildSettings = {
				ASSETCATALOG_COMPILER_APPICON_NAME = AppIcon;
				ASSETCATALOG_COMPILER_GLOBAL_ACCENT_COLOR_NAME = AccentColor;
				CODE_SIGN_STYLE = Automatic;
				CURRENT_PROJECT_VERSION = 1;
				DEVELOPMENT_ASSET_PATHS = "\"TrunkBased/Preview Content\"";
				DEVELOPMENT_TEAM = CAPH2JRFFZ;
				ENABLE_PREVIEWS = YES;
				GENERATE_INFOPLIST_FILE = YES;
				INFOPLIST_KEY_UIApplicationSceneManifest_Generation = YES;
				INFOPLIST_KEY_UIApplicationSupportsIndirectInputEvents = YES;
				INFOPLIST_KEY_UILaunchScreen_Generation = YES;
				INFOPLIST_KEY_UISupportedInterfaceOrientations_iPad = "UIInterfaceOrientationPortrait UIInterfaceOrientationPortraitUpsideDown UIInterfaceOrientationLandscapeLeft UIInterfaceOrientationLandscapeRight";
				INFOPLIST_KEY_UISupportedInterfaceOrientations_iPhone = "UIInterfaceOrientationPortrait UIInterfaceOrientationLandscapeLeft UIInterfaceOrientationLandscapeRight";
				LD_RUNPATH_SEARCH_PATHS = (
					"$(inherited)",
					"@executable_path/Frameworks",
				);
				MARKETING_VERSION = 1.0;
				PRODUCT_BUNDLE_IDENTIFIER = com.pang.TrunkBased;
				PRODUCT_NAME = "$(TARGET_NAME)";
				SWIFT_EMIT_LOC_STRINGS = YES;
				SWIFT_VERSION = 5.0;
				TARGETED_DEVICE_FAMILY = "1,2";
			};
			name = Release;
		};
/* End XCBuildConfiguration section */

/* Begin XCConfigurationList section */
		BAE9DA4E2C40D11000965DAA /* Build configuration list for PBXProject "TrunkBased" */ = {
			isa = XCConfigurationList;
			buildConfigurations = (
				BAE9DA5F2C40D11100965DAA /* Debug */,
				BAE9DA602C40D11100965DAA /* Release */,
			);
			defaultConfigurationIsVisible = 0;
			defaultConfigurationName = Release;
		};
		BAE9DA612C40D11100965DAA /* Build configuration list for PBXNativeTarget "TrunkBased" */ = {
			isa = XCConfigurationList;
			buildConfigurations = (
				BAE9DA622C40D11100965DAA /* Debug */,
				BAE9DA632C40D11100965DAA /* Release */,
			);
			defaultConfigurationIsVisible = 0;
			defaultConfigurationName = Release;
		};
/* End XCConfigurationList section */
	};
	rootObject = BAE9DA4B2C40D11000965DAA /* Project object */;
}
